{
  "name": "npm_test",
  "version": "0.1.0",
  "lockfileVersion": 2,
  "dependencies": {
    "swagger-ui-express": {
      "version": "4.6.0",
      "resolved": "https://registry.npmjs.org/swagger-ui-express/-/swagger-ui-express-4.6.0.tgz",
      "integrity": "sha512-9b8jmff+bD4W+rKKwsmOqlhMNeKsaEkl2goqZhrj/7L+YbmKqMjx2YGy69sd+Q5ZjPskNhRKK1HeHbdfK9zpMzA==",
      "engines": {
        "node": ">=10.0.0"
      }
    },
    "log": {
      "version": "6.3.0",
      "resolved": "https://registry.npmjs.org/log/-/log-6.3.0.tgz",
      "integrity": "sha512-zt7Jr4U8SKRTF1t9HKzIQ8fJfFeLBwz5jDgJqBGI9czmn0Ox1i+blYwB0o6Mja0mHoLO7w2dhh3+k3wCZ9rHjw==",
      "engines": {
        "node": ">=6.0.0"
      }
    }
  }
}
